{
  "pins" : [
    {
      "identity" : "reachability.swift",
      "kind" : "remoteSourceControl",
      "location" : "https://github.com/ashleymills/Reachability.swift",
      "state" : {
        "revision" : "98e968e7b6c1318fb61df23e347bc319761e8acb",
        "version" : "5.0.0"
      }
    },
    {
      "identity" : "starscream",
      "kind" : "remoteSourceControl",
      "location" : "https://github.com/daltoniam/Starscream",
      "state" : {
        "revision" : "ac6c0fc9da221873e01bd1a0d4818498a71eef33",
        "version" : "4.0.6"
      }
    },
    {
      "identity" : "swiftstomp",
      "kind" : "remoteSourceControl",
      "location" : "https://github.com/Romixery/SwiftStomp",
      "state" : {
        "revision" : "8b48dcd32f3e9a107b016b0b1460952004abd480"
      }
    }
  ],
  "version" : 2
}
